
Microsoft Visual Studio Solution File, Format Version 12.00
# Visual Studio Version 17
VisualStudioVersion = 17.6.33829.357
MinimumVisualStudioVersion = 10.0.40219.1
Project("{FAE04EC0-301F-11D3-BF4B-00C04F79EFBC}") = "ConsoleApp", "ConsoleApp.csproj", "{3E0AEBA4-EC8A-49A6-8543-0A7D4545146A}"
EndProject
Global
	GlobalSection(SolutionConfigurationPlatforms) = preSolution
		Debug|Any CPU = Debug|Any CPU
		Release|Any CPU = Release|Any CPU
	EndGlobalSection
	GlobalSection(ProjectConfigurationPlatforms) = postSolution
		{3E0AEBA4-EC8A-49A6-8543-0A7D4545146A}.Debug|Any CPU.ActiveCfg = Debug|Any CPU
		{3E0AEBA4-EC8A-49A6-8543-0A7D4545146A}.Debug|Any CPU.Build.0 = Debug|Any CPU
		{3E0AEBA4-EC8A-49A6-8543-0A7D4545146A}.Release|Any CPU.ActiveCfg = Release|Any CPU
		{3E0AEBA4-EC8A-49A6-8543-0A7D4545146A}.Release|Any CPU.Build.0 = Release|Any CPU
	EndGlobalSection
	GlobalSection(SolutionProperties) = preSolution
		HideSolutionNode = FALSE
	EndGlobalSection
	GlobalSection(ExtensibilityGlobals) = postSolution
		SolutionGuid = {A298A9C0-0F59-4C90-87DF-FC1EB7042A4C}
	EndGlobalSection
EndGlobal
